<?xml version="1.0" encoding="utf-8"?>
<Project ToolsVersion="4.0" xmlns="http://schemas.microsoft.com/developer/msbuild/2003">
  <ItemGroup>
    <ClCompile Include="utils\fs_test.cpp">
      <Filter>utils</Filter>
    </ClCompile>
    <ClCompile Include="utils\linkedlist_test.cpp">
      <Filter>utils</Filter>
    </ClCompile>
    <ClCompile Include="..\ProgramDesignHomework\cstring_jslike\cstring_jslike.c">
      <Filter>code</Filter>
    </ClCompile>
    <ClCompile Include="..\ProgramDesignHomework\cJSON\cJSON.c">
      <Filter>code</Filter>
    </ClCompile>
    <ClCompile Include="..\ProgramDesignHomework\global.c">
      <Filter>code</Filter>
    </ClCompile>
    <ClCompile Include="..\ProgramDesignHomework\utils\utils.c">
      <Filter>code</Filter>
    </ClCompile>
    <ClCompile Include="..\ProgramDesignHomework\utils\fs.c">
      <Filter>code</Filter>
    </ClCompile>
    <ClCompile Include="..\ProgramDesignHomework\utils\io.c">
      <Filter>code</Filter>
    </ClCompile>
    <ClCompile Include="..\ProgramDesignHomework\utils\linkedlist.c">
      <Filter>code</Filter>
    </ClCompile>
    <ClCompile Include="..\ProgramDesignHomework\ui\ui.c">
      <Filter>code</Filter>
    </ClCompile>
    <ClCompile Include="..\ProgramDesignHomework\data\sales.c">
      <Filter>code</Filter>
    </ClCompile>
    <ClCompile Include="..\ProgramDesignHomework\data\time.c">
      <Filter>code</Filter>
    </ClCompile>
    <ClCompile Include="..\ProgramDesignHomework\data\component.c">
      <Filter>code</Filter>
    </ClCompile>
    <ClCompile Include="..\ProgramDesignHomework\data\purchase.c">
      <Filter>code</Filter>
    </ClCompile>
    <ClCompile Include="data\component_test.cpp">
      <Filter>data</Filter>
    </ClCompile>
  </ItemGroup>
  <ItemGroup>
    <Filter Include="utils">
      <UniqueIdentifier>{431ac40c-0811-4252-a397-db94fa7a185e}</UniqueIdentifier>
    </Filter>
    <Filter Include="code">
      <UniqueIdentifier>{9c7b357e-3c00-43b7-90b9-115f34cca6d1}</UniqueIdentifier>
    </Filter>
    <Filter Include="data">
      <UniqueIdentifier>{53c6ac8d-df71-4f3f-8df1-670488e94471}</UniqueIdentifier>
    </Filter>
  </ItemGroup>
  <ItemGroup>
    <None Include="packages.config" />
  </ItemGroup>
  <ItemGroup>
    <ClInclude Include="..\ProgramDesignHomework\cstring_jslike\cstring_jslike.h">
      <Filter>code</Filter>
    </ClInclude>
    <ClInclude Include="..\ProgramDesignHomework\cJSON\cJSON.h">
      <Filter>code</Filter>
    </ClInclude>
    <ClInclude Include="..\ProgramDesignHomework\global.h">
      <Filter>code</Filter>
    </ClInclude>
    <ClInclude Include="..\ProgramDesignHomework\utils\linkedlist.h">
      <Filter>code</Filter>
    </ClInclude>
    <ClInclude Include="..\ProgramDesignHomework\utils\utils.h">
      <Filter>code</Filter>
    </ClInclude>
    <ClInclude Include="..\ProgramDesignHomework\utils\fs.h">
      <Filter>code</Filter>
    </ClInclude>
    <ClInclude Include="..\ProgramDesignHomework\utils\io.h">
      <Filter>code</Filter>
    </ClInclude>
    <ClInclude Include="..\ProgramDesignHomework\ui\ui.h">
      <Filter>code</Filter>
    </ClInclude>
    <ClInclude Include="..\ProgramDesignHomework\data\purchase.h">
      <Filter>code</Filter>
    </ClInclude>
    <ClInclude Include="..\ProgramDesignHomework\data\sales.h">
      <Filter>code</Filter>
    </ClInclude>
    <ClInclude Include="..\ProgramDesignHomework\data\time.h">
      <Filter>code</Filter>
    </ClInclude>
    <ClInclude Include="..\ProgramDesignHomework\data\component.h">
      <Filter>code</Filter>
    </ClInclude>
  </ItemGroup>
</Project>