<?xml version="1.0" encoding="utf-8"?>
<Project ToolsVersion="4.0" xmlns="http://schemas.microsoft.com/developer/msbuild/2003">
  <ItemGroup>
    <Filter Include="utils">
      <UniqueIdentifier>{2106b43c-50f6-40ea-8ddd-7f88894a6463}</UniqueIdentifier>
    </Filter>
    <Filter Include="data">
      <UniqueIdentifier>{bd21b990-1852-4208-a45b-af340bd8839f}</UniqueIdentifier>
    </Filter>
    <Filter Include="ui">
      <UniqueIdentifier>{8ca666d3-541c-4a0d-a942-c70ce2a176c1}</UniqueIdentifier>
    </Filter>
    <Filter Include="submodules">
      <UniqueIdentifier>{45ec4695-5c20-460c-b3bd-afc22a022b24}</UniqueIdentifier>
    </Filter>
    <Filter Include="submodules\cJSON">
      <UniqueIdentifier>{c9d95c5d-4557-47f2-8c16-d85388169190}</UniqueIdentifier>
    </Filter>
    <Filter Include="submodules\cstring_jslike">
      <UniqueIdentifier>{d858da7f-86fc-46b2-bbd9-0477fd6775c6}</UniqueIdentifier>
    </Filter>
    <Filter Include="data\repo">
      <UniqueIdentifier>{7d63b4f1-562b-4a88-a948-3868efae96bd}</UniqueIdentifier>
    </Filter>
    <Filter Include="data\repo\docs">
      <UniqueIdentifier>{58b4c10f-232e-47e2-8316-05f347d4d685}</UniqueIdentifier>
    </Filter>
  </ItemGroup>
  <ItemGroup>
    <ClCompile Include="utils\utils.c">
      <Filter>utils</Filter>
    </ClCompile>
    <ClCompile Include="utils\linkedlist.c">
      <Filter>utils</Filter>
    </ClCompile>
    <ClCompile Include="data\component.c">
      <Filter>data</Filter>
    </ClCompile>
    <ClCompile Include="data\purchase.c">
      <Filter>data</Filter>
    </ClCompile>
    <ClCompile Include="data\sales.c">
      <Filter>data</Filter>
    </ClCompile>
    <ClCompile Include="data\time.c">
      <Filter>data</Filter>
    </ClCompile>
    <ClCompile Include="utils\io.c">
      <Filter>utils</Filter>
    </ClCompile>
    <ClCompile Include="main.c" />
    <ClCompile Include="utils\fs.c">
      <Filter>utils</Filter>
    </ClCompile>
    <ClCompile Include="ui\ui.c">
      <Filter>ui</Filter>
    </ClCompile>
    <ClCompile Include="global.c" />
    <ClCompile Include="cJSON\cJSON.c">
      <Filter>submodules\cJSON</Filter>
    </ClCompile>
    <ClCompile Include="cstring_jslike\cstring_jslike.c">
      <Filter>submodules\cstring_jslike</Filter>
    </ClCompile>
  </ItemGroup>
  <ItemGroup>
    <None Include="..\Readme.md">
      <Filter>data\repo</Filter>
    </None>
    <None Include="..\LICENSE">
      <Filter>data\repo</Filter>
    </None>
    <None Include="..\docs\index.md">
      <Filter>data\repo\docs</Filter>
    </None>
  </ItemGroup>
  <ItemGroup>
    <ClInclude Include="utils\utils.h">
      <Filter>utils</Filter>
    </ClInclude>
    <ClInclude Include="utils\linkedlist.h">
      <Filter>utils</Filter>
    </ClInclude>
    <ClInclude Include="utils\fs.h">
      <Filter>utils</Filter>
    </ClInclude>
    <ClInclude Include="data\component.h">
      <Filter>data</Filter>
    </ClInclude>
    <ClInclude Include="data\purchase.h">
      <Filter>data</Filter>
    </ClInclude>
    <ClInclude Include="data\sales.h">
      <Filter>data</Filter>
    </ClInclude>
    <ClInclude Include="data\time.h">
      <Filter>data</Filter>
    </ClInclude>
    <ClInclude Include="utils\io.h">
      <Filter>utils</Filter>
    </ClInclude>
    <ClInclude Include="ui\ui.h">
      <Filter>ui</Filter>
    </ClInclude>
    <ClInclude Include="global.h" />
    <ClInclude Include="cJSON\cJSON.h">
      <Filter>submodules\cJSON</Filter>
    </ClInclude>
    <ClInclude Include="cstring_jslike\cstring_jslike.h">
      <Filter>submodules\cstring_jslike</Filter>
    </ClInclude>
  </ItemGroup>
</Project>